
Microsoft Visual Studio Solution File, Format Version 12.00
# Visual Studio Version 17
VisualStudioVersion = 17.14.36717.8
MinimumVisualStudioVersion = 10.0.40219.1
Project("{2150E333-8FDC-42A3-9474-1A3956D46DE8}") = "Applications", "Applications", "{A10A91C2-6485-6656-963B-F6FCBC812542}"
EndProject
Project("{2150E333-8FDC-42A3-9474-1A3956D46DE8}") = "Core", "Core", "{8CE30DF2-001A-A74E-D30B-E58702EFCEB9}"
EndProject
Project("{FAE04EC0-301F-11D3-BF4B-00C04F79EFBC}") = "Core.User", "Core.User\Core.User.csproj", "{CF9D9B54-3F68-440F-AAFB-237015CBB858}"
EndProject
Project("{2150E333-8FDC-42A3-9474-1A3956D46DE8}") = "MigrationsDb", "MigrationsDb", "{15F678D6-D49D-EDA8-4D57-E7872C7FFADF}"
EndProject
Project("{FAE04EC0-301F-11D3-BF4B-00C04F79EFBC}") = "MigrationsDb.pg_001_usr", "MigrationsDb.pg_001_usr\MigrationsDb.pg_001_usr.csproj", "{A360D0A5-0A41-4FED-B87E-1400814B2C48}"
EndProject
Project("{FAE04EC0-301F-11D3-BF4B-00C04F79EFBC}") = "MigrationsDb.pg_000_sys", "..\X.Proto.Framework.v5\MigrationsDb.pg_000_sys\MigrationsDb.pg_000_sys.csproj", "{A8517AAB-62F0-4660-9496-A835F35EAED5}"
EndProject
Project("{2150E333-8FDC-42A3-9474-1A3956D46DE8}") = "LIB", "LIB", "{3A8DF596-E814-FECC-DD4B-D8EF8AAC1A0D}"
EndProject
Project("{2150E333-8FDC-42A3-9474-1A3956D46DE8}") = "X.Proto", "X.Proto", "{286D38E9-F437-C39E-B8AB-8DE345196A86}"
EndProject
Project("{FAE04EC0-301F-11D3-BF4B-00C04F79EFBC}") = "X.Proto.Db.Component.Crud", "..\X.Proto.Framework.v5\X.Proto.Db.Component.Crud\X.Proto.Db.Component.Crud.csproj", "{CD31AA7A-DD27-45DB-AD6E-5EF669165BA8}"
EndProject
Project("{FAE04EC0-301F-11D3-BF4B-00C04F79EFBC}") = "X.Proto.Common.ServiceConnector", "..\X.Proto.Framework.v5\X.Proto.Common.ServiceConnector\X.Proto.Common.ServiceConnector.csproj", "{39AC484C-E592-4F77-8FBE-5CAC6861DFE4}"
EndProject
Project("{FAE04EC0-301F-11D3-BF4B-00C04F79EFBC}") = "X.Proto.Db.Api", "..\X.Proto.Framework.v5\X.Proto.Db.Api\X.Proto.Db.Api.csproj", "{8ADEC2D8-D129-4ADB-82B4-D39DD96D5B93}"
EndProject
Project("{FAE04EC0-301F-11D3-BF4B-00C04F79EFBC}") = "X.Proto.Common.Data", "..\X.Proto.Framework.v5\X.Proto.Common.Data\X.Proto.Common.Data.csproj", "{33FC6A5B-59C9-43C1-995C-EC288EA7B280}"
EndProject
Project("{FAE04EC0-301F-11D3-BF4B-00C04F79EFBC}") = "X.Proto.Common.Endpoints.Invoker", "..\X.Proto.Framework.v5\X.Proto.Common.Endpoints.Invoker\X.Proto.Common.Endpoints.Invoker.csproj", "{A751E775-43A5-4411-94DD-3A0E6BAB92B7}"
EndProject
Project("{2150E333-8FDC-42A3-9474-1A3956D46DE8}") = "Debug", "Debug", "{0C3DE2C8-CA35-4770-AA46-B771602A9F02}"
EndProject
Project("{2150E333-8FDC-42A3-9474-1A3956D46DE8}") = "iOutsideApplications", "iOutsideApplications", "{65CC9EA3-0C73-4638-A0DA-2333D5AEDDFF}"
EndProject
Project("{2150E333-8FDC-42A3-9474-1A3956D46DE8}") = "Endpoints", "Endpoints", "{7DFA9ECE-C859-4744-AFC3-20FD7C1FBD49}"
EndProject
Project("{2150E333-8FDC-42A3-9474-1A3956D46DE8}") = "ReferenceEntities", "ReferenceEntities", "{90BA3712-5A90-4ABB-9B2A-D2377CE72503}"
EndProject
Global
	GlobalSection(SolutionConfigurationPlatforms) = preSolution
		Debug|Any CPU = Debug|Any CPU
		Debug|x64 = Debug|x64
		Debug|x86 = Debug|x86
		Release|Any CPU = Release|Any CPU
		Release|x64 = Release|x64
		Release|x86 = Release|x86
	EndGlobalSection
	GlobalSection(ProjectConfigurationPlatforms) = postSolution
		{CF9D9B54-3F68-440F-AAFB-237015CBB858}.Debug|Any CPU.ActiveCfg = Debug|Any CPU
		{CF9D9B54-3F68-440F-AAFB-237015CBB858}.Debug|Any CPU.Build.0 = Debug|Any CPU
		{CF9D9B54-3F68-440F-AAFB-237015CBB858}.Debug|x64.ActiveCfg = Debug|Any CPU
		{CF9D9B54-3F68-440F-AAFB-237015CBB858}.Debug|x64.Build.0 = Debug|Any CPU
		{CF9D9B54-3F68-440F-AAFB-237015CBB858}.Debug|x86.ActiveCfg = Debug|Any CPU
		{CF9D9B54-3F68-440F-AAFB-237015CBB858}.Debug|x86.Build.0 = Debug|Any CPU
		{CF9D9B54-3F68-440F-AAFB-237015CBB858}.Release|Any CPU.ActiveCfg = Release|Any CPU
		{CF9D9B54-3F68-440F-AAFB-237015CBB858}.Release|Any CPU.Build.0 = Release|Any CPU
		{CF9D9B54-3F68-440F-AAFB-237015CBB858}.Release|x64.ActiveCfg = Release|Any CPU
		{CF9D9B54-3F68-440F-AAFB-237015CBB858}.Release|x64.Build.0 = Release|Any CPU
		{CF9D9B54-3F68-440F-AAFB-237015CBB858}.Release|x86.ActiveCfg = Release|Any CPU
		{CF9D9B54-3F68-440F-AAFB-237015CBB858}.Release|x86.Build.0 = Release|Any CPU
		{A360D0A5-0A41-4FED-B87E-1400814B2C48}.Debug|Any CPU.ActiveCfg = Debug|Any CPU
		{A360D0A5-0A41-4FED-B87E-1400814B2C48}.Debug|Any CPU.Build.0 = Debug|Any CPU
		{A360D0A5-0A41-4FED-B87E-1400814B2C48}.Debug|x64.ActiveCfg = Debug|Any CPU
		{A360D0A5-0A41-4FED-B87E-1400814B2C48}.Debug|x64.Build.0 = Debug|Any CPU
		{A360D0A5-0A41-4FED-B87E-1400814B2C48}.Debug|x86.ActiveCfg = Debug|Any CPU
		{A360D0A5-0A41-4FED-B87E-1400814B2C48}.Debug|x86.Build.0 = Debug|Any CPU
		{A360D0A5-0A41-4FED-B87E-1400814B2C48}.Release|Any CPU.ActiveCfg = Release|Any CPU
		{A360D0A5-0A41-4FED-B87E-1400814B2C48}.Release|Any CPU.Build.0 = Release|Any CPU
		{A360D0A5-0A41-4FED-B87E-1400814B2C48}.Release|x64.ActiveCfg = Release|Any CPU
		{A360D0A5-0A41-4FED-B87E-1400814B2C48}.Release|x64.Build.0 = Release|Any CPU
		{A360D0A5-0A41-4FED-B87E-1400814B2C48}.Release|x86.ActiveCfg = Release|Any CPU
		{A360D0A5-0A41-4FED-B87E-1400814B2C48}.Release|x86.Build.0 = Release|Any CPU
		{A8517AAB-62F0-4660-9496-A835F35EAED5}.Debug|Any CPU.ActiveCfg = Debug|Any CPU
		{A8517AAB-62F0-4660-9496-A835F35EAED5}.Debug|Any CPU.Build.0 = Debug|Any CPU
		{A8517AAB-62F0-4660-9496-A835F35EAED5}.Debug|x64.ActiveCfg = Debug|Any CPU
		{A8517AAB-62F0-4660-9496-A835F35EAED5}.Debug|x64.Build.0 = Debug|Any CPU
		{A8517AAB-62F0-4660-9496-A835F35EAED5}.Debug|x86.ActiveCfg = Debug|Any CPU
		{A8517AAB-62F0-4660-9496-A835F35EAED5}.Debug|x86.Build.0 = Debug|Any CPU
		{A8517AAB-62F0-4660-9496-A835F35EAED5}.Release|Any CPU.ActiveCfg = Release|Any CPU
		{A8517AAB-62F0-4660-9496-A835F35EAED5}.Release|Any CPU.Build.0 = Release|Any CPU
		{A8517AAB-62F0-4660-9496-A835F35EAED5}.Release|x64.ActiveCfg = Release|Any CPU
		{A8517AAB-62F0-4660-9496-A835F35EAED5}.Release|x64.Build.0 = Release|Any CPU
		{A8517AAB-62F0-4660-9496-A835F35EAED5}.Release|x86.ActiveCfg = Release|Any CPU
		{A8517AAB-62F0-4660-9496-A835F35EAED5}.Release|x86.Build.0 = Release|Any CPU
		{CD31AA7A-DD27-45DB-AD6E-5EF669165BA8}.Debug|Any CPU.ActiveCfg = Debug|Any CPU
		{CD31AA7A-DD27-45DB-AD6E-5EF669165BA8}.Debug|Any CPU.Build.0 = Debug|Any CPU
		{CD31AA7A-DD27-45DB-AD6E-5EF669165BA8}.Debug|x64.ActiveCfg = Debug|Any CPU
		{CD31AA7A-DD27-45DB-AD6E-5EF669165BA8}.Debug|x64.Build.0 = Debug|Any CPU
		{CD31AA7A-DD27-45DB-AD6E-5EF669165BA8}.Debug|x86.ActiveCfg = Debug|Any CPU
		{CD31AA7A-DD27-45DB-AD6E-5EF669165BA8}.Debug|x86.Build.0 = Debug|Any CPU
		{CD31AA7A-DD27-45DB-AD6E-5EF669165BA8}.Release|Any CPU.ActiveCfg = Release|Any CPU
		{CD31AA7A-DD27-45DB-AD6E-5EF669165BA8}.Release|Any CPU.Build.0 = Release|Any CPU
		{CD31AA7A-DD27-45DB-AD6E-5EF669165BA8}.Release|x64.ActiveCfg = Release|Any CPU
		{CD31AA7A-DD27-45DB-AD6E-5EF669165BA8}.Release|x64.Build.0 = Release|Any CPU
		{CD31AA7A-DD27-45DB-AD6E-5EF669165BA8}.Release|x86.ActiveCfg = Release|Any CPU
		{CD31AA7A-DD27-45DB-AD6E-5EF669165BA8}.Release|x86.Build.0 = Release|Any CPU
		{39AC484C-E592-4F77-8FBE-5CAC6861DFE4}.Debug|Any CPU.ActiveCfg = Debug|Any CPU
		{39AC484C-E592-4F77-8FBE-5CAC6861DFE4}.Debug|Any CPU.Build.0 = Debug|Any CPU
		{39AC484C-E592-4F77-8FBE-5CAC6861DFE4}.Debug|x64.ActiveCfg = Debug|Any CPU
		{39AC484C-E592-4F77-8FBE-5CAC6861DFE4}.Debug|x64.Build.0 = Debug|Any CPU
		{39AC484C-E592-4F77-8FBE-5CAC6861DFE4}.Debug|x86.ActiveCfg = Debug|Any CPU
		{39AC484C-E592-4F77-8FBE-5CAC6861DFE4}.Debug|x86.Build.0 = Debug|Any CPU
		{39AC484C-E592-4F77-8FBE-5CAC6861DFE4}.Release|Any CPU.ActiveCfg = Release|Any CPU
		{39AC484C-E592-4F77-8FBE-5CAC6861DFE4}.Release|Any CPU.Build.0 = Release|Any CPU
		{39AC484C-E592-4F77-8FBE-5CAC6861DFE4}.Release|x64.ActiveCfg = Release|Any CPU
		{39AC484C-E592-4F77-8FBE-5CAC6861DFE4}.Release|x64.Build.0 = Release|Any CPU
		{39AC484C-E592-4F77-8FBE-5CAC6861DFE4}.Release|x86.ActiveCfg = Release|Any CPU
		{39AC484C-E592-4F77-8FBE-5CAC6861DFE4}.Release|x86.Build.0 = Release|Any CPU
		{8ADEC2D8-D129-4ADB-82B4-D39DD96D5B93}.Debug|Any CPU.ActiveCfg = Debug|Any CPU
		{8ADEC2D8-D129-4ADB-82B4-D39DD96D5B93}.Debug|Any CPU.Build.0 = Debug|Any CPU
		{8ADEC2D8-D129-4ADB-82B4-D39DD96D5B93}.Debug|x64.ActiveCfg = Debug|Any CPU
		{8ADEC2D8-D129-4ADB-82B4-D39DD96D5B93}.Debug|x64.Build.0 = Debug|Any CPU
		{8ADEC2D8-D129-4ADB-82B4-D39DD96D5B93}.Debug|x86.ActiveCfg = Debug|Any CPU
		{8ADEC2D8-D129-4ADB-82B4-D39DD96D5B93}.Debug|x86.Build.0 = Debug|Any CPU
		{8ADEC2D8-D129-4ADB-82B4-D39DD96D5B93}.Release|Any CPU.ActiveCfg = Release|Any CPU
		{8ADEC2D8-D129-4ADB-82B4-D39DD96D5B93}.Release|Any CPU.Build.0 = Release|Any CPU
		{8ADEC2D8-D129-4ADB-82B4-D39DD96D5B93}.Release|x64.ActiveCfg = Release|Any CPU
		{8ADEC2D8-D129-4ADB-82B4-D39DD96D5B93}.Release|x64.Build.0 = Release|Any CPU
		{8ADEC2D8-D129-4ADB-82B4-D39DD96D5B93}.Release|x86.ActiveCfg = Release|Any CPU
		{8ADEC2D8-D129-4ADB-82B4-D39DD96D5B93}.Release|x86.Build.0 = Release|Any CPU
		{33FC6A5B-59C9-43C1-995C-EC288EA7B280}.Debug|Any CPU.ActiveCfg = Debug|Any CPU
		{33FC6A5B-59C9-43C1-995C-EC288EA7B280}.Debug|Any CPU.Build.0 = Debug|Any CPU
		{33FC6A5B-59C9-43C1-995C-EC288EA7B280}.Debug|x64.ActiveCfg = Debug|Any CPU
		{33FC6A5B-59C9-43C1-995C-EC288EA7B280}.Debug|x64.Build.0 = Debug|Any CPU
		{33FC6A5B-59C9-43C1-995C-EC288EA7B280}.Debug|x86.ActiveCfg = Debug|Any CPU
		{33FC6A5B-59C9-43C1-995C-EC288EA7B280}.Debug|x86.Build.0 = Debug|Any CPU
		{33FC6A5B-59C9-43C1-995C-EC288EA7B280}.Release|Any CPU.ActiveCfg = Release|Any CPU
		{33FC6A5B-59C9-43C1-995C-EC288EA7B280}.Release|Any CPU.Build.0 = Release|Any CPU
		{33FC6A5B-59C9-43C1-995C-EC288EA7B280}.Release|x64.ActiveCfg = Release|Any CPU
		{33FC6A5B-59C9-43C1-995C-EC288EA7B280}.Release|x64.Build.0 = Release|Any CPU
		{33FC6A5B-59C9-43C1-995C-EC288EA7B280}.Release|x86.ActiveCfg = Release|Any CPU
		{33FC6A5B-59C9-43C1-995C-EC288EA7B280}.Release|x86.Build.0 = Release|Any CPU
		{A751E775-43A5-4411-94DD-3A0E6BAB92B7}.Debug|Any CPU.ActiveCfg = Debug|Any CPU
		{A751E775-43A5-4411-94DD-3A0E6BAB92B7}.Debug|Any CPU.Build.0 = Debug|Any CPU
		{A751E775-43A5-4411-94DD-3A0E6BAB92B7}.Debug|x64.ActiveCfg = Debug|Any CPU
		{A751E775-43A5-4411-94DD-3A0E6BAB92B7}.Debug|x64.Build.0 = Debug|Any CPU
		{A751E775-43A5-4411-94DD-3A0E6BAB92B7}.Debug|x86.ActiveCfg = Debug|Any CPU
		{A751E775-43A5-4411-94DD-3A0E6BAB92B7}.Debug|x86.Build.0 = Debug|Any CPU
		{A751E775-43A5-4411-94DD-3A0E6BAB92B7}.Release|Any CPU.ActiveCfg = Release|Any CPU
		{A751E775-43A5-4411-94DD-3A0E6BAB92B7}.Release|Any CPU.Build.0 = Release|Any CPU
		{A751E775-43A5-4411-94DD-3A0E6BAB92B7}.Release|x64.ActiveCfg = Release|Any CPU
		{A751E775-43A5-4411-94DD-3A0E6BAB92B7}.Release|x64.Build.0 = Release|Any CPU
		{A751E775-43A5-4411-94DD-3A0E6BAB92B7}.Release|x86.ActiveCfg = Release|Any CPU
		{A751E775-43A5-4411-94DD-3A0E6BAB92B7}.Release|x86.Build.0 = Release|Any CPU
	EndGlobalSection
	GlobalSection(SolutionProperties) = preSolution
		HideSolutionNode = FALSE
	EndGlobalSection
	GlobalSection(NestedProjects) = preSolution
		{7DFA9ECE-C859-4744-AFC3-20FD7C1FBD49} = {A10A91C2-6485-6656-963B-F6FCBC812542}
		{90BA3712-5A90-4ABB-9B2A-D2377CE72503} = {A10A91C2-6485-6656-963B-F6FCBC812542}
		{8CE30DF2-001A-A74E-D30B-E58702EFCEB9} = {A10A91C2-6485-6656-963B-F6FCBC812542}
		{CF9D9B54-3F68-440F-AAFB-237015CBB858} = {8CE30DF2-001A-A74E-D30B-E58702EFCEB9}
		{15F678D6-D49D-EDA8-4D57-E7872C7FFADF} = {A10A91C2-6485-6656-963B-F6FCBC812542}
		{A360D0A5-0A41-4FED-B87E-1400814B2C48} = {15F678D6-D49D-EDA8-4D57-E7872C7FFADF}
		{A8517AAB-62F0-4660-9496-A835F35EAED5} = {15F678D6-D49D-EDA8-4D57-E7872C7FFADF}
		{286D38E9-F437-C39E-B8AB-8DE345196A86} = {3A8DF596-E814-FECC-DD4B-D8EF8AAC1A0D}
		{CD31AA7A-DD27-45DB-AD6E-5EF669165BA8} = {286D38E9-F437-C39E-B8AB-8DE345196A86}
		{39AC484C-E592-4F77-8FBE-5CAC6861DFE4} = {286D38E9-F437-C39E-B8AB-8DE345196A86}
		{8ADEC2D8-D129-4ADB-82B4-D39DD96D5B93} = {286D38E9-F437-C39E-B8AB-8DE345196A86}
		{33FC6A5B-59C9-43C1-995C-EC288EA7B280} = {286D38E9-F437-C39E-B8AB-8DE345196A86}
		{A751E775-43A5-4411-94DD-3A0E6BAB92B7} = {286D38E9-F437-C39E-B8AB-8DE345196A86}
	EndGlobalSection
	GlobalSection(ExtensibilityGlobals) = postSolution
		SolutionGuid = {22F2D242-5704-4CAC-92E8-6BA1DEAEA7F4}
	EndGlobalSection
EndGlobal
