
Microsoft Visual Studio Solution File, Format Version 12.00
# Visual Studio Version 17
VisualStudioVersion = 17.14.36717.8
MinimumVisualStudioVersion = 10.0.40219.1
Project("{2150E333-8FDC-42A3-9474-1A3956D46DE8}") = "Applications", "Applications", "{A10A91C2-6485-6656-963B-F6FCBC812542}"
EndProject
Project("{2150E333-8FDC-42A3-9474-1A3956D46DE8}") = "Core", "Core", "{8CE30DF2-001A-A74E-D30B-E58702EFCEB9}"
EndProject
Project("{FAE04EC0-301F-11D3-BF4B-00C04F79EFBC}") = "Core.User", "Core.User\Core.User.csproj", "{8FDFC8DF-1762-4F73-85EB-CB01BD475BC1}"
EndProject
Project("{FAE04EC0-301F-11D3-BF4B-00C04F79EFBC}") = "Core.User.Jobs", "Core.User.Jobs\Core.User.Jobs.csproj", "{AC4CB0B7-AFF9-4F11-A485-E86EB59AA9C8}"
EndProject
Project("{FAE04EC0-301F-11D3-BF4B-00C04F79EFBC}") = "Core.BT.Calc", "Core.BT.Calc\Core.BT.Calc.csproj", "{935B978F-1E73-4808-8904-68B62C754EA7}"
EndProject
Project("{2150E333-8FDC-42A3-9474-1A3956D46DE8}") = "MigrationsDb", "MigrationsDb", "{15F678D6-D49D-EDA8-4D57-E7872C7FFADF}"
EndProject
Project("{FAE04EC0-301F-11D3-BF4B-00C04F79EFBC}") = "MigrationsDb.pg_001_usr", "MigrationsDb.pg_001_usr\MigrationsDb.pg_001_usr.csproj", "{9E56EAF3-1C7D-4B3F-A3EE-12CF83E663DF}"
EndProject
Project("{FAE04EC0-301F-11D3-BF4B-00C04F79EFBC}") = "MigrationsDb.pg_002_clc", "MigrationsDb.pg_002_clc\MigrationsDb.pg_002_clc.csproj", "{1BEE1B00-CB59-4364-A462-D8B59D5C19F4}"
EndProject
Project("{FAE04EC0-301F-11D3-BF4B-00C04F79EFBC}") = "MigrationsDb.pg_000_sys", "..\X.Proto.Framework.v5\MigrationsDb.pg_000_sys\MigrationsDb.pg_000_sys.csproj", "{1C17D133-33E4-4588-B2FD-EAABCB14D2F4}"
EndProject
Project("{2150E333-8FDC-42A3-9474-1A3956D46DE8}") = "LIB", "LIB", "{3A8DF596-E814-FECC-DD4B-D8EF8AAC1A0D}"
EndProject
Project("{2150E333-8FDC-42A3-9474-1A3956D46DE8}") = "X.Proto", "X.Proto", "{286D38E9-F437-C39E-B8AB-8DE345196A86}"
EndProject
Project("{FAE04EC0-301F-11D3-BF4B-00C04F79EFBC}") = "X.Proto.Db.Component.Crud", "..\X.Proto.Framework.v5\X.Proto.Db.Component.Crud\X.Proto.Db.Component.Crud.csproj", "{2E759E02-7D6E-48F5-ACC9-02DD172DE4BF}"
EndProject
Project("{FAE04EC0-301F-11D3-BF4B-00C04F79EFBC}") = "X.Proto.Db.Component.MasterDetails", "..\X.Proto.Framework.v5\X.Proto.Db.Component.MasterDetails\X.Proto.Db.Component.MasterDetails.csproj", "{3681EF3B-1767-4C81-933F-AB7C32E06866}"
EndProject
Project("{FAE04EC0-301F-11D3-BF4B-00C04F79EFBC}") = "X.Proto.Component.Patterns.ChainResponsibility", "..\X.Proto.Framework.v5\X.Proto.Component.Patterns.ChainResponsibility\X.Proto.Component.Patterns.ChainResponsibility.csproj", "{2AFFEE45-3232-469F-B2D8-AFEF2DBC96ED}"
EndProject
Project("{FAE04EC0-301F-11D3-BF4B-00C04F79EFBC}") = "X.Proto.Component.Patterns.Multiplexor", "..\X.Proto.Framework.v5\X.Proto.Component.Patterns.Multiplexor\X.Proto.Component.Patterns.Multiplexor.csproj", "{DCCEB7A6-5EBE-47C1-A0F5-F216AD166FCF}"
EndProject
Project("{FAE04EC0-301F-11D3-BF4B-00C04F79EFBC}") = "X.Proto.Db.Component.ManyToMany", "..\X.Proto.Framework.v5\X.Proto.Db.Component.ManyToMany\X.Proto.Db.Component.ManyToMany.csproj", "{FC7E9A8C-FDA9-416C-8C11-027ABE07C741}"
EndProject
Project("{FAE04EC0-301F-11D3-BF4B-00C04F79EFBC}") = "X.Proto.Common.Endpoints.Invoker", "..\X.Proto.Framework.v5\X.Proto.Common.Endpoints.Invoker\X.Proto.Common.Endpoints.Invoker.csproj", "{B3518389-B1F6-4546-849D-966C44772B55}"
EndProject
Project("{FAE04EC0-301F-11D3-BF4B-00C04F79EFBC}") = "X.Proto.Common.ServiceConnector", "..\X.Proto.Framework.v5\X.Proto.Common.ServiceConnector\X.Proto.Common.ServiceConnector.csproj", "{68AE8D84-DD5D-4FE1-9EFB-47DEF7DC932E}"
EndProject
Project("{FAE04EC0-301F-11D3-BF4B-00C04F79EFBC}") = "X.Proto.Db.Api", "..\X.Proto.Framework.v5\X.Proto.Db.Api\X.Proto.Db.Api.csproj", "{C8E5DA9F-4363-477A-BA33-2A8D1F17767B}"
EndProject
Project("{FAE04EC0-301F-11D3-BF4B-00C04F79EFBC}") = "X.Proto.Common.Data", "..\X.Proto.Framework.v5\X.Proto.Common.Data\X.Proto.Common.Data.csproj", "{5FE528E9-D0A9-4A4F-B03C-EC7A5F046A6B}"
EndProject
Project("{FAE04EC0-301F-11D3-BF4B-00C04F79EFBC}") = "X.Proto.Common.Events", "..\X.Proto.Framework.v5\X.Proto.Common.Events\X.Proto.Common.Events.csproj", "{38EFA001-CBF1-4D4B-97CB-A5A96E723EDF}"
EndProject
Project("{FAE04EC0-301F-11D3-BF4B-00C04F79EFBC}") = "X.Proto.Db.Core.Rdbms", "..\X.Proto.Framework.v5\X.Proto.Db.Core.Rdbms\X.Proto.Db.Core.Rdbms.csproj", "{8576DCC0-10FE-4ED8-B897-8111E738A998}"
EndProject
Project("{2150E333-8FDC-42A3-9474-1A3956D46DE8}") = "Debug", "Debug", "{909BA8E0-8C12-43EE-AC5A-B0CA26B40356}"
EndProject
Project("{2150E333-8FDC-42A3-9474-1A3956D46DE8}") = "iOutsideApplications", "iOutsideApplications", "{9C47118B-CC25-41F6-816F-8B22E870C809}"
EndProject
Project("{2150E333-8FDC-42A3-9474-1A3956D46DE8}") = "Endpoints", "Endpoints", "{8FAECAC5-EB03-4654-A1B5-753E6A1F5B35}"
EndProject
Project("{2150E333-8FDC-42A3-9474-1A3956D46DE8}") = "ReferenceEntities", "ReferenceEntities", "{A6473A1C-F510-4359-B025-E2D536CE18D9}"
EndProject
Project("{2150E333-8FDC-42A3-9474-1A3956D46DE8}") = "01-User-Infrastructure", "01-User-Infrastructure", "{02EA681E-C7D8-13C7-8484-4AC65E1B71E8}"
EndProject
Project("{2150E333-8FDC-42A3-9474-1A3956D46DE8}") = "02-BusinessTravelingCals (BT)", "02-BusinessTravelingCals (BT)", "{E24F8E94-E06B-4F15-A44F-526BC071B793}"
EndProject
Project("{FAE04EC0-301F-11D3-BF4B-00C04F79EFBC}") = "Endpoint.UserStudio", "Endpoint.UserStudio\Endpoint.UserStudio.csproj", "{AE4A4430-77C8-436B-A03B-AF493E205428}"
EndProject
Project("{FAE04EC0-301F-11D3-BF4B-00C04F79EFBC}") = "TestOfClaudeGen.OutsideApi", "TestOfClaudeGen.OutsideApi\TestOfClaudeGen.OutsideApi.csproj", "{A32024BC-18B2-4E83-BFCE-E338ECF236EB}"
EndProject
Project("{FAE04EC0-301F-11D3-BF4B-00C04F79EFBC}") = "X.Proto.Common.Endpoints.Invoker.RabbitMQ", "..\X.Proto.Framework.v5\X.Proto.Common.Endpoints.Invoker.RabbitMQ\X.Proto.Common.Endpoints.Invoker.RabbitMQ.csproj", "{79A2285D-E1F3-4BBC-948E-7BBF2484A148}"
EndProject
Project("{FAE04EC0-301F-11D3-BF4B-00C04F79EFBC}") = "X.Proto.Common.Endpoints.Setup.Autofac", "..\X.Proto.Framework.v5\X.Proto.Common.Endpoints.Setup.Autofac\X.Proto.Common.Endpoints.Setup.Autofac.csproj", "{A4C85350-4459-4621-974F-64BE1A50FCFD}"
EndProject
Project("{FAE04EC0-301F-11D3-BF4B-00C04F79EFBC}") = "X.Proto.Common.Endpoints.Setup.ConfigFiles", "..\X.Proto.Framework.v5\X.Proto.Common.Endpoints.Setup.ConfigFiles\X.Proto.Common.Endpoints.Setup.ConfigFiles.csproj", "{2A4965E6-A780-4BD7-AF6F-DE1B89EEFBA1}"
EndProject
Project("{FAE04EC0-301F-11D3-BF4B-00C04F79EFBC}") = "Core.User.Facade", "Core.User.Facade\Core.User.Facade.csproj", "{F1F615CC-A3F4-46AB-B2C2-2A989DCBD5AD}"
EndProject
Global
	GlobalSection(SolutionConfigurationPlatforms) = preSolution
		Debug|Any CPU = Debug|Any CPU
		Debug|x64 = Debug|x64
		Debug|x86 = Debug|x86
		Release|Any CPU = Release|Any CPU
		Release|x64 = Release|x64
		Release|x86 = Release|x86
	EndGlobalSection
	GlobalSection(ProjectConfigurationPlatforms) = postSolution
		{8FDFC8DF-1762-4F73-85EB-CB01BD475BC1}.Debug|Any CPU.ActiveCfg = Debug|Any CPU
		{8FDFC8DF-1762-4F73-85EB-CB01BD475BC1}.Debug|Any CPU.Build.0 = Debug|Any CPU
		{8FDFC8DF-1762-4F73-85EB-CB01BD475BC1}.Debug|x64.ActiveCfg = Debug|Any CPU
		{8FDFC8DF-1762-4F73-85EB-CB01BD475BC1}.Debug|x64.Build.0 = Debug|Any CPU
		{8FDFC8DF-1762-4F73-85EB-CB01BD475BC1}.Debug|x86.ActiveCfg = Debug|Any CPU
		{8FDFC8DF-1762-4F73-85EB-CB01BD475BC1}.Debug|x86.Build.0 = Debug|Any CPU
		{8FDFC8DF-1762-4F73-85EB-CB01BD475BC1}.Release|Any CPU.ActiveCfg = Release|Any CPU
		{8FDFC8DF-1762-4F73-85EB-CB01BD475BC1}.Release|Any CPU.Build.0 = Release|Any CPU
		{8FDFC8DF-1762-4F73-85EB-CB01BD475BC1}.Release|x64.ActiveCfg = Release|Any CPU
		{8FDFC8DF-1762-4F73-85EB-CB01BD475BC1}.Release|x64.Build.0 = Release|Any CPU
		{8FDFC8DF-1762-4F73-85EB-CB01BD475BC1}.Release|x86.ActiveCfg = Release|Any CPU
		{8FDFC8DF-1762-4F73-85EB-CB01BD475BC1}.Release|x86.Build.0 = Release|Any CPU
		{AC4CB0B7-AFF9-4F11-A485-E86EB59AA9C8}.Debug|Any CPU.ActiveCfg = Debug|Any CPU
		{AC4CB0B7-AFF9-4F11-A485-E86EB59AA9C8}.Debug|Any CPU.Build.0 = Debug|Any CPU
		{AC4CB0B7-AFF9-4F11-A485-E86EB59AA9C8}.Debug|x64.ActiveCfg = Debug|Any CPU
		{AC4CB0B7-AFF9-4F11-A485-E86EB59AA9C8}.Debug|x64.Build.0 = Debug|Any CPU
		{AC4CB0B7-AFF9-4F11-A485-E86EB59AA9C8}.Debug|x86.ActiveCfg = Debug|Any CPU
		{AC4CB0B7-AFF9-4F11-A485-E86EB59AA9C8}.Debug|x86.Build.0 = Debug|Any CPU
		{AC4CB0B7-AFF9-4F11-A485-E86EB59AA9C8}.Release|Any CPU.ActiveCfg = Release|Any CPU
		{AC4CB0B7-AFF9-4F11-A485-E86EB59AA9C8}.Release|Any CPU.Build.0 = Release|Any CPU
		{AC4CB0B7-AFF9-4F11-A485-E86EB59AA9C8}.Release|x64.ActiveCfg = Release|Any CPU
		{AC4CB0B7-AFF9-4F11-A485-E86EB59AA9C8}.Release|x64.Build.0 = Release|Any CPU
		{AC4CB0B7-AFF9-4F11-A485-E86EB59AA9C8}.Release|x86.ActiveCfg = Release|Any CPU
		{AC4CB0B7-AFF9-4F11-A485-E86EB59AA9C8}.Release|x86.Build.0 = Release|Any CPU
		{935B978F-1E73-4808-8904-68B62C754EA7}.Debug|Any CPU.ActiveCfg = Debug|Any CPU
		{935B978F-1E73-4808-8904-68B62C754EA7}.Debug|Any CPU.Build.0 = Debug|Any CPU
		{935B978F-1E73-4808-8904-68B62C754EA7}.Debug|x64.ActiveCfg = Debug|Any CPU
		{935B978F-1E73-4808-8904-68B62C754EA7}.Debug|x64.Build.0 = Debug|Any CPU
		{935B978F-1E73-4808-8904-68B62C754EA7}.Debug|x86.ActiveCfg = Debug|Any CPU
		{935B978F-1E73-4808-8904-68B62C754EA7}.Debug|x86.Build.0 = Debug|Any CPU
		{935B978F-1E73-4808-8904-68B62C754EA7}.Release|Any CPU.ActiveCfg = Release|Any CPU
		{935B978F-1E73-4808-8904-68B62C754EA7}.Release|Any CPU.Build.0 = Release|Any CPU
		{935B978F-1E73-4808-8904-68B62C754EA7}.Release|x64.ActiveCfg = Release|Any CPU
		{935B978F-1E73-4808-8904-68B62C754EA7}.Release|x64.Build.0 = Release|Any CPU
		{935B978F-1E73-4808-8904-68B62C754EA7}.Release|x86.ActiveCfg = Release|Any CPU
		{935B978F-1E73-4808-8904-68B62C754EA7}.Release|x86.Build.0 = Release|Any CPU
		{9E56EAF3-1C7D-4B3F-A3EE-12CF83E663DF}.Debug|Any CPU.ActiveCfg = Debug|Any CPU
		{9E56EAF3-1C7D-4B3F-A3EE-12CF83E663DF}.Debug|Any CPU.Build.0 = Debug|Any CPU
		{9E56EAF3-1C7D-4B3F-A3EE-12CF83E663DF}.Debug|x64.ActiveCfg = Debug|Any CPU
		{9E56EAF3-1C7D-4B3F-A3EE-12CF83E663DF}.Debug|x64.Build.0 = Debug|Any CPU
		{9E56EAF3-1C7D-4B3F-A3EE-12CF83E663DF}.Debug|x86.ActiveCfg = Debug|Any CPU
		{9E56EAF3-1C7D-4B3F-A3EE-12CF83E663DF}.Debug|x86.Build.0 = Debug|Any CPU
		{9E56EAF3-1C7D-4B3F-A3EE-12CF83E663DF}.Release|Any CPU.ActiveCfg = Release|Any CPU
		{9E56EAF3-1C7D-4B3F-A3EE-12CF83E663DF}.Release|Any CPU.Build.0 = Release|Any CPU
		{9E56EAF3-1C7D-4B3F-A3EE-12CF83E663DF}.Release|x64.ActiveCfg = Release|Any CPU
		{9E56EAF3-1C7D-4B3F-A3EE-12CF83E663DF}.Release|x64.Build.0 = Release|Any CPU
		{9E56EAF3-1C7D-4B3F-A3EE-12CF83E663DF}.Release|x86.ActiveCfg = Release|Any CPU
		{9E56EAF3-1C7D-4B3F-A3EE-12CF83E663DF}.Release|x86.Build.0 = Release|Any CPU
		{1BEE1B00-CB59-4364-A462-D8B59D5C19F4}.Debug|Any CPU.ActiveCfg = Debug|Any CPU
		{1BEE1B00-CB59-4364-A462-D8B59D5C19F4}.Debug|Any CPU.Build.0 = Debug|Any CPU
		{1BEE1B00-CB59-4364-A462-D8B59D5C19F4}.Debug|x64.ActiveCfg = Debug|Any CPU
		{1BEE1B00-CB59-4364-A462-D8B59D5C19F4}.Debug|x64.Build.0 = Debug|Any CPU
		{1BEE1B00-CB59-4364-A462-D8B59D5C19F4}.Debug|x86.ActiveCfg = Debug|Any CPU
		{1BEE1B00-CB59-4364-A462-D8B59D5C19F4}.Debug|x86.Build.0 = Debug|Any CPU
		{1BEE1B00-CB59-4364-A462-D8B59D5C19F4}.Release|Any CPU.ActiveCfg = Release|Any CPU
		{1BEE1B00-CB59-4364-A462-D8B59D5C19F4}.Release|Any CPU.Build.0 = Release|Any CPU
		{1BEE1B00-CB59-4364-A462-D8B59D5C19F4}.Release|x64.ActiveCfg = Release|Any CPU
		{1BEE1B00-CB59-4364-A462-D8B59D5C19F4}.Release|x64.Build.0 = Release|Any CPU
		{1BEE1B00-CB59-4364-A462-D8B59D5C19F4}.Release|x86.ActiveCfg = Release|Any CPU
		{1BEE1B00-CB59-4364-A462-D8B59D5C19F4}.Release|x86.Build.0 = Release|Any CPU
		{1C17D133-33E4-4588-B2FD-EAABCB14D2F4}.Debug|Any CPU.ActiveCfg = Debug|Any CPU
		{1C17D133-33E4-4588-B2FD-EAABCB14D2F4}.Debug|Any CPU.Build.0 = Debug|Any CPU
		{1C17D133-33E4-4588-B2FD-EAABCB14D2F4}.Debug|x64.ActiveCfg = Debug|Any CPU
		{1C17D133-33E4-4588-B2FD-EAABCB14D2F4}.Debug|x64.Build.0 = Debug|Any CPU
		{1C17D133-33E4-4588-B2FD-EAABCB14D2F4}.Debug|x86.ActiveCfg = Debug|Any CPU
		{1C17D133-33E4-4588-B2FD-EAABCB14D2F4}.Debug|x86.Build.0 = Debug|Any CPU
		{1C17D133-33E4-4588-B2FD-EAABCB14D2F4}.Release|Any CPU.ActiveCfg = Release|Any CPU
		{1C17D133-33E4-4588-B2FD-EAABCB14D2F4}.Release|Any CPU.Build.0 = Release|Any CPU
		{1C17D133-33E4-4588-B2FD-EAABCB14D2F4}.Release|x64.ActiveCfg = Release|Any CPU
		{1C17D133-33E4-4588-B2FD-EAABCB14D2F4}.Release|x64.Build.0 = Release|Any CPU
		{1C17D133-33E4-4588-B2FD-EAABCB14D2F4}.Release|x86.ActiveCfg = Release|Any CPU
		{1C17D133-33E4-4588-B2FD-EAABCB14D2F4}.Release|x86.Build.0 = Release|Any CPU
		{2E759E02-7D6E-48F5-ACC9-02DD172DE4BF}.Debug|Any CPU.ActiveCfg = Debug|Any CPU
		{2E759E02-7D6E-48F5-ACC9-02DD172DE4BF}.Debug|Any CPU.Build.0 = Debug|Any CPU
		{2E759E02-7D6E-48F5-ACC9-02DD172DE4BF}.Debug|x64.ActiveCfg = Debug|Any CPU
		{2E759E02-7D6E-48F5-ACC9-02DD172DE4BF}.Debug|x64.Build.0 = Debug|Any CPU
		{2E759E02-7D6E-48F5-ACC9-02DD172DE4BF}.Debug|x86.ActiveCfg = Debug|Any CPU
		{2E759E02-7D6E-48F5-ACC9-02DD172DE4BF}.Debug|x86.Build.0 = Debug|Any CPU
		{2E759E02-7D6E-48F5-ACC9-02DD172DE4BF}.Release|Any CPU.ActiveCfg = Release|Any CPU
		{2E759E02-7D6E-48F5-ACC9-02DD172DE4BF}.Release|Any CPU.Build.0 = Release|Any CPU
		{2E759E02-7D6E-48F5-ACC9-02DD172DE4BF}.Release|x64.ActiveCfg = Release|Any CPU
		{2E759E02-7D6E-48F5-ACC9-02DD172DE4BF}.Release|x64.Build.0 = Release|Any CPU
		{2E759E02-7D6E-48F5-ACC9-02DD172DE4BF}.Release|x86.ActiveCfg = Release|Any CPU
		{2E759E02-7D6E-48F5-ACC9-02DD172DE4BF}.Release|x86.Build.0 = Release|Any CPU
		{3681EF3B-1767-4C81-933F-AB7C32E06866}.Debug|Any CPU.ActiveCfg = Debug|Any CPU
		{3681EF3B-1767-4C81-933F-AB7C32E06866}.Debug|Any CPU.Build.0 = Debug|Any CPU
		{3681EF3B-1767-4C81-933F-AB7C32E06866}.Debug|x64.ActiveCfg = Debug|Any CPU
		{3681EF3B-1767-4C81-933F-AB7C32E06866}.Debug|x64.Build.0 = Debug|Any CPU
		{3681EF3B-1767-4C81-933F-AB7C32E06866}.Debug|x86.ActiveCfg = Debug|Any CPU
		{3681EF3B-1767-4C81-933F-AB7C32E06866}.Debug|x86.Build.0 = Debug|Any CPU
		{3681EF3B-1767-4C81-933F-AB7C32E06866}.Release|Any CPU.ActiveCfg = Release|Any CPU
		{3681EF3B-1767-4C81-933F-AB7C32E06866}.Release|Any CPU.Build.0 = Release|Any CPU
		{3681EF3B-1767-4C81-933F-AB7C32E06866}.Release|x64.ActiveCfg = Release|Any CPU
		{3681EF3B-1767-4C81-933F-AB7C32E06866}.Release|x64.Build.0 = Release|Any CPU
		{3681EF3B-1767-4C81-933F-AB7C32E06866}.Release|x86.ActiveCfg = Release|Any CPU
		{3681EF3B-1767-4C81-933F-AB7C32E06866}.Release|x86.Build.0 = Release|Any CPU
		{2AFFEE45-3232-469F-B2D8-AFEF2DBC96ED}.Debug|Any CPU.ActiveCfg = Debug|Any CPU
		{2AFFEE45-3232-469F-B2D8-AFEF2DBC96ED}.Debug|Any CPU.Build.0 = Debug|Any CPU
		{2AFFEE45-3232-469F-B2D8-AFEF2DBC96ED}.Debug|x64.ActiveCfg = Debug|Any CPU
		{2AFFEE45-3232-469F-B2D8-AFEF2DBC96ED}.Debug|x64.Build.0 = Debug|Any CPU
		{2AFFEE45-3232-469F-B2D8-AFEF2DBC96ED}.Debug|x86.ActiveCfg = Debug|Any CPU
		{2AFFEE45-3232-469F-B2D8-AFEF2DBC96ED}.Debug|x86.Build.0 = Debug|Any CPU
		{2AFFEE45-3232-469F-B2D8-AFEF2DBC96ED}.Release|Any CPU.ActiveCfg = Release|Any CPU
		{2AFFEE45-3232-469F-B2D8-AFEF2DBC96ED}.Release|Any CPU.Build.0 = Release|Any CPU
		{2AFFEE45-3232-469F-B2D8-AFEF2DBC96ED}.Release|x64.ActiveCfg = Release|Any CPU
		{2AFFEE45-3232-469F-B2D8-AFEF2DBC96ED}.Release|x64.Build.0 = Release|Any CPU
		{2AFFEE45-3232-469F-B2D8-AFEF2DBC96ED}.Release|x86.ActiveCfg = Release|Any CPU
		{2AFFEE45-3232-469F-B2D8-AFEF2DBC96ED}.Release|x86.Build.0 = Release|Any CPU
		{DCCEB7A6-5EBE-47C1-A0F5-F216AD166FCF}.Debug|Any CPU.ActiveCfg = Debug|Any CPU
		{DCCEB7A6-5EBE-47C1-A0F5-F216AD166FCF}.Debug|Any CPU.Build.0 = Debug|Any CPU
		{DCCEB7A6-5EBE-47C1-A0F5-F216AD166FCF}.Debug|x64.ActiveCfg = Debug|Any CPU
		{DCCEB7A6-5EBE-47C1-A0F5-F216AD166FCF}.Debug|x64.Build.0 = Debug|Any CPU
		{DCCEB7A6-5EBE-47C1-A0F5-F216AD166FCF}.Debug|x86.ActiveCfg = Debug|Any CPU
		{DCCEB7A6-5EBE-47C1-A0F5-F216AD166FCF}.Debug|x86.Build.0 = Debug|Any CPU
		{DCCEB7A6-5EBE-47C1-A0F5-F216AD166FCF}.Release|Any CPU.ActiveCfg = Release|Any CPU
		{DCCEB7A6-5EBE-47C1-A0F5-F216AD166FCF}.Release|Any CPU.Build.0 = Release|Any CPU
		{DCCEB7A6-5EBE-47C1-A0F5-F216AD166FCF}.Release|x64.ActiveCfg = Release|Any CPU
		{DCCEB7A6-5EBE-47C1-A0F5-F216AD166FCF}.Release|x64.Build.0 = Release|Any CPU
		{DCCEB7A6-5EBE-47C1-A0F5-F216AD166FCF}.Release|x86.ActiveCfg = Release|Any CPU
		{DCCEB7A6-5EBE-47C1-A0F5-F216AD166FCF}.Release|x86.Build.0 = Release|Any CPU
		{FC7E9A8C-FDA9-416C-8C11-027ABE07C741}.Debug|Any CPU.ActiveCfg = Debug|Any CPU
		{FC7E9A8C-FDA9-416C-8C11-027ABE07C741}.Debug|Any CPU.Build.0 = Debug|Any CPU
		{FC7E9A8C-FDA9-416C-8C11-027ABE07C741}.Debug|x64.ActiveCfg = Debug|Any CPU
		{FC7E9A8C-FDA9-416C-8C11-027ABE07C741}.Debug|x64.Build.0 = Debug|Any CPU
		{FC7E9A8C-FDA9-416C-8C11-027ABE07C741}.Debug|x86.ActiveCfg = Debug|Any CPU
		{FC7E9A8C-FDA9-416C-8C11-027ABE07C741}.Debug|x86.Build.0 = Debug|Any CPU
		{FC7E9A8C-FDA9-416C-8C11-027ABE07C741}.Release|Any CPU.ActiveCfg = Release|Any CPU
		{FC7E9A8C-FDA9-416C-8C11-027ABE07C741}.Release|Any CPU.Build.0 = Release|Any CPU
		{FC7E9A8C-FDA9-416C-8C11-027ABE07C741}.Release|x64.ActiveCfg = Release|Any CPU
		{FC7E9A8C-FDA9-416C-8C11-027ABE07C741}.Release|x64.Build.0 = Release|Any CPU
		{FC7E9A8C-FDA9-416C-8C11-027ABE07C741}.Release|x86.ActiveCfg = Release|Any CPU
		{FC7E9A8C-FDA9-416C-8C11-027ABE07C741}.Release|x86.Build.0 = Release|Any CPU
		{B3518389-B1F6-4546-849D-966C44772B55}.Debug|Any CPU.ActiveCfg = Debug|Any CPU
		{B3518389-B1F6-4546-849D-966C44772B55}.Debug|Any CPU.Build.0 = Debug|Any CPU
		{B3518389-B1F6-4546-849D-966C44772B55}.Debug|x64.ActiveCfg = Debug|Any CPU
		{B3518389-B1F6-4546-849D-966C44772B55}.Debug|x64.Build.0 = Debug|Any CPU
		{B3518389-B1F6-4546-849D-966C44772B55}.Debug|x86.ActiveCfg = Debug|Any CPU
		{B3518389-B1F6-4546-849D-966C44772B55}.Debug|x86.Build.0 = Debug|Any CPU
		{B3518389-B1F6-4546-849D-966C44772B55}.Release|Any CPU.ActiveCfg = Release|Any CPU
		{B3518389-B1F6-4546-849D-966C44772B55}.Release|Any CPU.Build.0 = Release|Any CPU
		{B3518389-B1F6-4546-849D-966C44772B55}.Release|x64.ActiveCfg = Release|Any CPU
		{B3518389-B1F6-4546-849D-966C44772B55}.Release|x64.Build.0 = Release|Any CPU
		{B3518389-B1F6-4546-849D-966C44772B55}.Release|x86.ActiveCfg = Release|Any CPU
		{B3518389-B1F6-4546-849D-966C44772B55}.Release|x86.Build.0 = Release|Any CPU
		{68AE8D84-DD5D-4FE1-9EFB-47DEF7DC932E}.Debug|Any CPU.ActiveCfg = Debug|Any CPU
		{68AE8D84-DD5D-4FE1-9EFB-47DEF7DC932E}.Debug|Any CPU.Build.0 = Debug|Any CPU
		{68AE8D84-DD5D-4FE1-9EFB-47DEF7DC932E}.Debug|x64.ActiveCfg = Debug|Any CPU
		{68AE8D84-DD5D-4FE1-9EFB-47DEF7DC932E}.Debug|x64.Build.0 = Debug|Any CPU
		{68AE8D84-DD5D-4FE1-9EFB-47DEF7DC932E}.Debug|x86.ActiveCfg = Debug|Any CPU
		{68AE8D84-DD5D-4FE1-9EFB-47DEF7DC932E}.Debug|x86.Build.0 = Debug|Any CPU
		{68AE8D84-DD5D-4FE1-9EFB-47DEF7DC932E}.Release|Any CPU.ActiveCfg = Release|Any CPU
		{68AE8D84-DD5D-4FE1-9EFB-47DEF7DC932E}.Release|Any CPU.Build.0 = Release|Any CPU
		{68AE8D84-DD5D-4FE1-9EFB-47DEF7DC932E}.Release|x64.ActiveCfg = Release|Any CPU
		{68AE8D84-DD5D-4FE1-9EFB-47DEF7DC932E}.Release|x64.Build.0 = Release|Any CPU
		{68AE8D84-DD5D-4FE1-9EFB-47DEF7DC932E}.Release|x86.ActiveCfg = Release|Any CPU
		{68AE8D84-DD5D-4FE1-9EFB-47DEF7DC932E}.Release|x86.Build.0 = Release|Any CPU
		{C8E5DA9F-4363-477A-BA33-2A8D1F17767B}.Debug|Any CPU.ActiveCfg = Debug|Any CPU
		{C8E5DA9F-4363-477A-BA33-2A8D1F17767B}.Debug|Any CPU.Build.0 = Debug|Any CPU
		{C8E5DA9F-4363-477A-BA33-2A8D1F17767B}.Debug|x64.ActiveCfg = Debug|Any CPU
		{C8E5DA9F-4363-477A-BA33-2A8D1F17767B}.Debug|x64.Build.0 = Debug|Any CPU
		{C8E5DA9F-4363-477A-BA33-2A8D1F17767B}.Debug|x86.ActiveCfg = Debug|Any CPU
		{C8E5DA9F-4363-477A-BA33-2A8D1F17767B}.Debug|x86.Build.0 = Debug|Any CPU
		{C8E5DA9F-4363-477A-BA33-2A8D1F17767B}.Release|Any CPU.ActiveCfg = Release|Any CPU
		{C8E5DA9F-4363-477A-BA33-2A8D1F17767B}.Release|Any CPU.Build.0 = Release|Any CPU
		{C8E5DA9F-4363-477A-BA33-2A8D1F17767B}.Release|x64.ActiveCfg = Release|Any CPU
		{C8E5DA9F-4363-477A-BA33-2A8D1F17767B}.Release|x64.Build.0 = Release|Any CPU
		{C8E5DA9F-4363-477A-BA33-2A8D1F17767B}.Release|x86.ActiveCfg = Release|Any CPU
		{C8E5DA9F-4363-477A-BA33-2A8D1F17767B}.Release|x86.Build.0 = Release|Any CPU
		{5FE528E9-D0A9-4A4F-B03C-EC7A5F046A6B}.Debug|Any CPU.ActiveCfg = Debug|Any CPU
		{5FE528E9-D0A9-4A4F-B03C-EC7A5F046A6B}.Debug|Any CPU.Build.0 = Debug|Any CPU
		{5FE528E9-D0A9-4A4F-B03C-EC7A5F046A6B}.Debug|x64.ActiveCfg = Debug|Any CPU
		{5FE528E9-D0A9-4A4F-B03C-EC7A5F046A6B}.Debug|x64.Build.0 = Debug|Any CPU
		{5FE528E9-D0A9-4A4F-B03C-EC7A5F046A6B}.Debug|x86.ActiveCfg = Debug|Any CPU
		{5FE528E9-D0A9-4A4F-B03C-EC7A5F046A6B}.Debug|x86.Build.0 = Debug|Any CPU
		{5FE528E9-D0A9-4A4F-B03C-EC7A5F046A6B}.Release|Any CPU.ActiveCfg = Release|Any CPU
		{5FE528E9-D0A9-4A4F-B03C-EC7A5F046A6B}.Release|Any CPU.Build.0 = Release|Any CPU
		{5FE528E9-D0A9-4A4F-B03C-EC7A5F046A6B}.Release|x64.ActiveCfg = Release|Any CPU
		{5FE528E9-D0A9-4A4F-B03C-EC7A5F046A6B}.Release|x64.Build.0 = Release|Any CPU
		{5FE528E9-D0A9-4A4F-B03C-EC7A5F046A6B}.Release|x86.ActiveCfg = Release|Any CPU
		{5FE528E9-D0A9-4A4F-B03C-EC7A5F046A6B}.Release|x86.Build.0 = Release|Any CPU
		{38EFA001-CBF1-4D4B-97CB-A5A96E723EDF}.Debug|Any CPU.ActiveCfg = Debug|Any CPU
		{38EFA001-CBF1-4D4B-97CB-A5A96E723EDF}.Debug|Any CPU.Build.0 = Debug|Any CPU
		{38EFA001-CBF1-4D4B-97CB-A5A96E723EDF}.Debug|x64.ActiveCfg = Debug|Any CPU
		{38EFA001-CBF1-4D4B-97CB-A5A96E723EDF}.Debug|x64.Build.0 = Debug|Any CPU
		{38EFA001-CBF1-4D4B-97CB-A5A96E723EDF}.Debug|x86.ActiveCfg = Debug|Any CPU
		{38EFA001-CBF1-4D4B-97CB-A5A96E723EDF}.Debug|x86.Build.0 = Debug|Any CPU
		{38EFA001-CBF1-4D4B-97CB-A5A96E723EDF}.Release|Any CPU.ActiveCfg = Release|Any CPU
		{38EFA001-CBF1-4D4B-97CB-A5A96E723EDF}.Release|Any CPU.Build.0 = Release|Any CPU
		{38EFA001-CBF1-4D4B-97CB-A5A96E723EDF}.Release|x64.ActiveCfg = Release|Any CPU
		{38EFA001-CBF1-4D4B-97CB-A5A96E723EDF}.Release|x64.Build.0 = Release|Any CPU
		{38EFA001-CBF1-4D4B-97CB-A5A96E723EDF}.Release|x86.ActiveCfg = Release|Any CPU
		{38EFA001-CBF1-4D4B-97CB-A5A96E723EDF}.Release|x86.Build.0 = Release|Any CPU
		{8576DCC0-10FE-4ED8-B897-8111E738A998}.Debug|Any CPU.ActiveCfg = Debug|Any CPU
		{8576DCC0-10FE-4ED8-B897-8111E738A998}.Debug|Any CPU.Build.0 = Debug|Any CPU
		{8576DCC0-10FE-4ED8-B897-8111E738A998}.Debug|x64.ActiveCfg = Debug|Any CPU
		{8576DCC0-10FE-4ED8-B897-8111E738A998}.Debug|x64.Build.0 = Debug|Any CPU
		{8576DCC0-10FE-4ED8-B897-8111E738A998}.Debug|x86.ActiveCfg = Debug|Any CPU
		{8576DCC0-10FE-4ED8-B897-8111E738A998}.Debug|x86.Build.0 = Debug|Any CPU
		{8576DCC0-10FE-4ED8-B897-8111E738A998}.Release|Any CPU.ActiveCfg = Release|Any CPU
		{8576DCC0-10FE-4ED8-B897-8111E738A998}.Release|Any CPU.Build.0 = Release|Any CPU
		{8576DCC0-10FE-4ED8-B897-8111E738A998}.Release|x64.ActiveCfg = Release|Any CPU
		{8576DCC0-10FE-4ED8-B897-8111E738A998}.Release|x64.Build.0 = Release|Any CPU
		{8576DCC0-10FE-4ED8-B897-8111E738A998}.Release|x86.ActiveCfg = Release|Any CPU
		{8576DCC0-10FE-4ED8-B897-8111E738A998}.Release|x86.Build.0 = Release|Any CPU
		{AE4A4430-77C8-436B-A03B-AF493E205428}.Debug|Any CPU.ActiveCfg = Debug|Any CPU
		{AE4A4430-77C8-436B-A03B-AF493E205428}.Debug|Any CPU.Build.0 = Debug|Any CPU
		{AE4A4430-77C8-436B-A03B-AF493E205428}.Debug|x64.ActiveCfg = Debug|Any CPU
		{AE4A4430-77C8-436B-A03B-AF493E205428}.Debug|x64.Build.0 = Debug|Any CPU
		{AE4A4430-77C8-436B-A03B-AF493E205428}.Debug|x86.ActiveCfg = Debug|Any CPU
		{AE4A4430-77C8-436B-A03B-AF493E205428}.Debug|x86.Build.0 = Debug|Any CPU
		{AE4A4430-77C8-436B-A03B-AF493E205428}.Release|Any CPU.ActiveCfg = Release|Any CPU
		{AE4A4430-77C8-436B-A03B-AF493E205428}.Release|Any CPU.Build.0 = Release|Any CPU
		{AE4A4430-77C8-436B-A03B-AF493E205428}.Release|x64.ActiveCfg = Release|Any CPU
		{AE4A4430-77C8-436B-A03B-AF493E205428}.Release|x64.Build.0 = Release|Any CPU
		{AE4A4430-77C8-436B-A03B-AF493E205428}.Release|x86.ActiveCfg = Release|Any CPU
		{AE4A4430-77C8-436B-A03B-AF493E205428}.Release|x86.Build.0 = Release|Any CPU
		{A32024BC-18B2-4E83-BFCE-E338ECF236EB}.Debug|Any CPU.ActiveCfg = Debug|Any CPU
		{A32024BC-18B2-4E83-BFCE-E338ECF236EB}.Debug|Any CPU.Build.0 = Debug|Any CPU
		{A32024BC-18B2-4E83-BFCE-E338ECF236EB}.Debug|x64.ActiveCfg = Debug|Any CPU
		{A32024BC-18B2-4E83-BFCE-E338ECF236EB}.Debug|x64.Build.0 = Debug|Any CPU
		{A32024BC-18B2-4E83-BFCE-E338ECF236EB}.Debug|x86.ActiveCfg = Debug|Any CPU
		{A32024BC-18B2-4E83-BFCE-E338ECF236EB}.Debug|x86.Build.0 = Debug|Any CPU
		{A32024BC-18B2-4E83-BFCE-E338ECF236EB}.Release|Any CPU.ActiveCfg = Release|Any CPU
		{A32024BC-18B2-4E83-BFCE-E338ECF236EB}.Release|Any CPU.Build.0 = Release|Any CPU
		{A32024BC-18B2-4E83-BFCE-E338ECF236EB}.Release|x64.ActiveCfg = Release|Any CPU
		{A32024BC-18B2-4E83-BFCE-E338ECF236EB}.Release|x64.Build.0 = Release|Any CPU
		{A32024BC-18B2-4E83-BFCE-E338ECF236EB}.Release|x86.ActiveCfg = Release|Any CPU
		{A32024BC-18B2-4E83-BFCE-E338ECF236EB}.Release|x86.Build.0 = Release|Any CPU
		{79A2285D-E1F3-4BBC-948E-7BBF2484A148}.Debug|Any CPU.ActiveCfg = Debug|Any CPU
		{79A2285D-E1F3-4BBC-948E-7BBF2484A148}.Debug|Any CPU.Build.0 = Debug|Any CPU
		{79A2285D-E1F3-4BBC-948E-7BBF2484A148}.Debug|x64.ActiveCfg = Debug|Any CPU
		{79A2285D-E1F3-4BBC-948E-7BBF2484A148}.Debug|x64.Build.0 = Debug|Any CPU
		{79A2285D-E1F3-4BBC-948E-7BBF2484A148}.Debug|x86.ActiveCfg = Debug|Any CPU
		{79A2285D-E1F3-4BBC-948E-7BBF2484A148}.Debug|x86.Build.0 = Debug|Any CPU
		{79A2285D-E1F3-4BBC-948E-7BBF2484A148}.Release|Any CPU.ActiveCfg = Release|Any CPU
		{79A2285D-E1F3-4BBC-948E-7BBF2484A148}.Release|Any CPU.Build.0 = Release|Any CPU
		{79A2285D-E1F3-4BBC-948E-7BBF2484A148}.Release|x64.ActiveCfg = Release|Any CPU
		{79A2285D-E1F3-4BBC-948E-7BBF2484A148}.Release|x64.Build.0 = Release|Any CPU
		{79A2285D-E1F3-4BBC-948E-7BBF2484A148}.Release|x86.ActiveCfg = Release|Any CPU
		{79A2285D-E1F3-4BBC-948E-7BBF2484A148}.Release|x86.Build.0 = Release|Any CPU
		{A4C85350-4459-4621-974F-64BE1A50FCFD}.Debug|Any CPU.ActiveCfg = Debug|Any CPU
		{A4C85350-4459-4621-974F-64BE1A50FCFD}.Debug|Any CPU.Build.0 = Debug|Any CPU
		{A4C85350-4459-4621-974F-64BE1A50FCFD}.Debug|x64.ActiveCfg = Debug|Any CPU
		{A4C85350-4459-4621-974F-64BE1A50FCFD}.Debug|x64.Build.0 = Debug|Any CPU
		{A4C85350-4459-4621-974F-64BE1A50FCFD}.Debug|x86.ActiveCfg = Debug|Any CPU
		{A4C85350-4459-4621-974F-64BE1A50FCFD}.Debug|x86.Build.0 = Debug|Any CPU
		{A4C85350-4459-4621-974F-64BE1A50FCFD}.Release|Any CPU.ActiveCfg = Release|Any CPU
		{A4C85350-4459-4621-974F-64BE1A50FCFD}.Release|Any CPU.Build.0 = Release|Any CPU
		{A4C85350-4459-4621-974F-64BE1A50FCFD}.Release|x64.ActiveCfg = Release|Any CPU
		{A4C85350-4459-4621-974F-64BE1A50FCFD}.Release|x64.Build.0 = Release|Any CPU
		{A4C85350-4459-4621-974F-64BE1A50FCFD}.Release|x86.ActiveCfg = Release|Any CPU
		{A4C85350-4459-4621-974F-64BE1A50FCFD}.Release|x86.Build.0 = Release|Any CPU
		{2A4965E6-A780-4BD7-AF6F-DE1B89EEFBA1}.Debug|Any CPU.ActiveCfg = Debug|Any CPU
		{2A4965E6-A780-4BD7-AF6F-DE1B89EEFBA1}.Debug|Any CPU.Build.0 = Debug|Any CPU
		{2A4965E6-A780-4BD7-AF6F-DE1B89EEFBA1}.Debug|x64.ActiveCfg = Debug|Any CPU
		{2A4965E6-A780-4BD7-AF6F-DE1B89EEFBA1}.Debug|x64.Build.0 = Debug|Any CPU
		{2A4965E6-A780-4BD7-AF6F-DE1B89EEFBA1}.Debug|x86.ActiveCfg = Debug|Any CPU
		{2A4965E6-A780-4BD7-AF6F-DE1B89EEFBA1}.Debug|x86.Build.0 = Debug|Any CPU
		{2A4965E6-A780-4BD7-AF6F-DE1B89EEFBA1}.Release|Any CPU.ActiveCfg = Release|Any CPU
		{2A4965E6-A780-4BD7-AF6F-DE1B89EEFBA1}.Release|Any CPU.Build.0 = Release|Any CPU
		{2A4965E6-A780-4BD7-AF6F-DE1B89EEFBA1}.Release|x64.ActiveCfg = Release|Any CPU
		{2A4965E6-A780-4BD7-AF6F-DE1B89EEFBA1}.Release|x64.Build.0 = Release|Any CPU
		{2A4965E6-A780-4BD7-AF6F-DE1B89EEFBA1}.Release|x86.ActiveCfg = Release|Any CPU
		{2A4965E6-A780-4BD7-AF6F-DE1B89EEFBA1}.Release|x86.Build.0 = Release|Any CPU
		{F1F615CC-A3F4-46AB-B2C2-2A989DCBD5AD}.Debug|Any CPU.ActiveCfg = Debug|Any CPU
		{F1F615CC-A3F4-46AB-B2C2-2A989DCBD5AD}.Debug|Any CPU.Build.0 = Debug|Any CPU
		{F1F615CC-A3F4-46AB-B2C2-2A989DCBD5AD}.Debug|x64.ActiveCfg = Debug|Any CPU
		{F1F615CC-A3F4-46AB-B2C2-2A989DCBD5AD}.Debug|x64.Build.0 = Debug|Any CPU
		{F1F615CC-A3F4-46AB-B2C2-2A989DCBD5AD}.Debug|x86.ActiveCfg = Debug|Any CPU
		{F1F615CC-A3F4-46AB-B2C2-2A989DCBD5AD}.Debug|x86.Build.0 = Debug|Any CPU
		{F1F615CC-A3F4-46AB-B2C2-2A989DCBD5AD}.Release|Any CPU.ActiveCfg = Release|Any CPU
		{F1F615CC-A3F4-46AB-B2C2-2A989DCBD5AD}.Release|Any CPU.Build.0 = Release|Any CPU
		{F1F615CC-A3F4-46AB-B2C2-2A989DCBD5AD}.Release|x64.ActiveCfg = Release|Any CPU
		{F1F615CC-A3F4-46AB-B2C2-2A989DCBD5AD}.Release|x64.Build.0 = Release|Any CPU
		{F1F615CC-A3F4-46AB-B2C2-2A989DCBD5AD}.Release|x86.ActiveCfg = Release|Any CPU
		{F1F615CC-A3F4-46AB-B2C2-2A989DCBD5AD}.Release|x86.Build.0 = Release|Any CPU
	EndGlobalSection
	GlobalSection(SolutionProperties) = preSolution
		HideSolutionNode = FALSE
	EndGlobalSection
	GlobalSection(NestedProjects) = preSolution
		{8CE30DF2-001A-A74E-D30B-E58702EFCEB9} = {A10A91C2-6485-6656-963B-F6FCBC812542}
		{8FDFC8DF-1762-4F73-85EB-CB01BD475BC1} = {02EA681E-C7D8-13C7-8484-4AC65E1B71E8}
		{AC4CB0B7-AFF9-4F11-A485-E86EB59AA9C8} = {02EA681E-C7D8-13C7-8484-4AC65E1B71E8}
		{935B978F-1E73-4808-8904-68B62C754EA7} = {E24F8E94-E06B-4F15-A44F-526BC071B793}
		{15F678D6-D49D-EDA8-4D57-E7872C7FFADF} = {A10A91C2-6485-6656-963B-F6FCBC812542}
		{9E56EAF3-1C7D-4B3F-A3EE-12CF83E663DF} = {15F678D6-D49D-EDA8-4D57-E7872C7FFADF}
		{1BEE1B00-CB59-4364-A462-D8B59D5C19F4} = {15F678D6-D49D-EDA8-4D57-E7872C7FFADF}
		{1C17D133-33E4-4588-B2FD-EAABCB14D2F4} = {15F678D6-D49D-EDA8-4D57-E7872C7FFADF}
		{286D38E9-F437-C39E-B8AB-8DE345196A86} = {3A8DF596-E814-FECC-DD4B-D8EF8AAC1A0D}
		{2E759E02-7D6E-48F5-ACC9-02DD172DE4BF} = {286D38E9-F437-C39E-B8AB-8DE345196A86}
		{3681EF3B-1767-4C81-933F-AB7C32E06866} = {286D38E9-F437-C39E-B8AB-8DE345196A86}
		{2AFFEE45-3232-469F-B2D8-AFEF2DBC96ED} = {286D38E9-F437-C39E-B8AB-8DE345196A86}
		{DCCEB7A6-5EBE-47C1-A0F5-F216AD166FCF} = {286D38E9-F437-C39E-B8AB-8DE345196A86}
		{FC7E9A8C-FDA9-416C-8C11-027ABE07C741} = {286D38E9-F437-C39E-B8AB-8DE345196A86}
		{B3518389-B1F6-4546-849D-966C44772B55} = {286D38E9-F437-C39E-B8AB-8DE345196A86}
		{68AE8D84-DD5D-4FE1-9EFB-47DEF7DC932E} = {286D38E9-F437-C39E-B8AB-8DE345196A86}
		{C8E5DA9F-4363-477A-BA33-2A8D1F17767B} = {286D38E9-F437-C39E-B8AB-8DE345196A86}
		{5FE528E9-D0A9-4A4F-B03C-EC7A5F046A6B} = {286D38E9-F437-C39E-B8AB-8DE345196A86}
		{38EFA001-CBF1-4D4B-97CB-A5A96E723EDF} = {286D38E9-F437-C39E-B8AB-8DE345196A86}
		{8576DCC0-10FE-4ED8-B897-8111E738A998} = {286D38E9-F437-C39E-B8AB-8DE345196A86}
		{8FAECAC5-EB03-4654-A1B5-753E6A1F5B35} = {A10A91C2-6485-6656-963B-F6FCBC812542}
		{A6473A1C-F510-4359-B025-E2D536CE18D9} = {A10A91C2-6485-6656-963B-F6FCBC812542}
		{02EA681E-C7D8-13C7-8484-4AC65E1B71E8} = {8CE30DF2-001A-A74E-D30B-E58702EFCEB9}
		{E24F8E94-E06B-4F15-A44F-526BC071B793} = {8CE30DF2-001A-A74E-D30B-E58702EFCEB9}
		{AE4A4430-77C8-436B-A03B-AF493E205428} = {8FAECAC5-EB03-4654-A1B5-753E6A1F5B35}
		{A32024BC-18B2-4E83-BFCE-E338ECF236EB} = {9C47118B-CC25-41F6-816F-8B22E870C809}
		{79A2285D-E1F3-4BBC-948E-7BBF2484A148} = {286D38E9-F437-C39E-B8AB-8DE345196A86}
		{A4C85350-4459-4621-974F-64BE1A50FCFD} = {286D38E9-F437-C39E-B8AB-8DE345196A86}
		{2A4965E6-A780-4BD7-AF6F-DE1B89EEFBA1} = {286D38E9-F437-C39E-B8AB-8DE345196A86}
		{F1F615CC-A3F4-46AB-B2C2-2A989DCBD5AD} = {02EA681E-C7D8-13C7-8484-4AC65E1B71E8}
	EndGlobalSection
	GlobalSection(ExtensibilityGlobals) = postSolution
		SolutionGuid = {5972E86B-837D-474A-A9AD-35B1EAA69566}
	EndGlobalSection
EndGlobal
